// !$*UTF8*$!
{
	archiveVersion = 1;
	classes = {
	};
	objectVersion = 50;
	objects = {

/* Begin PBXBuildFile section */
		85004AA1223560A500B92A1C /* test.swift in Sources */ = {isa = PBXBuildFile; fileRef = 85004AA0223560A500B92A1C /* test.swift */; };
		85B98FA022353FFB009FBDB9 /* text1.txt in Resources */ = {isa = PBXBuildFile; fileRef = 85B98F9E22353FFB009FBDB9 /* text1.txt */; };
		85B98FA122353FFB009FBDB9 /* text0.txt in Resources */ = {isa = PBXBuildFile; fileRef = 85B98F9F22353FFB009FBDB9 /* text0.txt */; };
		85BB6ADC22341CF3000CB3CC /* AppDelegate.swift in Sources */ = {isa = PBXBuildFile; fileRef = 85BB6ADB22341CF3000CB3CC /* AppDelegate.swift */; };
		85BB6ADE22341CF3000CB3CC /* ViewController.swift in Sources */ = {isa = PBXBuildFile; fileRef = 85BB6ADD22341CF3000CB3CC /* ViewController.swift */; };
		85BB6AE122341CF3000CB3CC /* Main.storyboard in Resources */ = {isa = PBXBuildFile; fileRef = 85BB6ADF22341CF3000CB3CC /* Main.storyboard */; };
		85BB6AE322341CF5000CB3CC /* Assets.xcassets in Resources */ = {isa = PBXBuildFile; fileRef = 85BB6AE222341CF5000CB3CC /* Assets.xcassets */; };
		85BB6AE622341CF5000CB3CC /* LaunchScreen.storyboard in Resources */ = {isa = PBXBuildFile; fileRef = 85BB6AE422341CF5000CB3CC /* LaunchScreen.storyboard */; };
/* End PBXBuildFile section */

/* Begin PBXFileReference section */
		85004AA0223560A500B92A1C /* test.swift */ = {isa = PBXFileReference; lastKnownFileType = sourcecode.swift; path = test.swift; sourceTree = "<group>"; };
		85B98F9E22353FFB009FBDB9 /* text1.txt */ = {isa = PBXFileReference; fileEncoding = 4; lastKnownFileType = text; path = text1.txt; sourceTree = "<group>"; };
		85B98F9F22353FFB009FBDB9 /* text0.txt */ = {isa = PBXFileReference; fileEncoding = 4; lastKnownFileType = text; path = text0.txt; sourceTree = "<group>"; };
		85BB6AD822341CF3000CB3CC /* project8.app */ = {isa = PBXFileReference; explicitFileType = wrapper.application; includeInIndex = 0; path = project8.app; sourceTree = BUILT_PRODUCTS_DIR; };
		85BB6ADB22341CF3000CB3CC /* AppDelegate.swift */ = {isa = PBXFileReference; lastKnownFileType = sourcecode.swift; path = AppDelegate.swift; sourceTree = "<group>"; };
		85BB6ADD22341CF3000CB3CC /* ViewController.swift */ = {isa = PBXFileReference; lastKnownFileType = sourcecode.swift; path = ViewController.swift; sourceTree = "<group>"; };
		85BB6AE022341CF3000CB3CC /* Base */ = {isa = PBXFileReference; lastKnownFileType = file.storyboard; name = Base; path = Base.lproj/Main.storyboard; sourceTree = "<group>"; };
		85BB6AE222341CF5000CB3CC /* Assets.xcassets */ = {isa = PBXFileReference; lastKnownFileType = folder.assetcatalog; path = Assets.xcassets; sourceTree = "<group>"; };
		85BB6AE522341CF5000CB3CC /* Base */ = {isa = PBXFileReference; lastKnownFileType = file.storyboard; name = Base; path = Base.lproj/LaunchScreen.storyboard; sourceTree = "<group>"; };
		85BB6AE722341CF5000CB3CC /* Info.plist */ = {isa = PBXFileReference; lastKnownFileType = text.plist.xml; path = Info.plist; sourceTree = "<group>"; };
/* End PBXFileReference section */

/* Begin PBXFrameworksBuildPhase section */
		85BB6AD522341CF3000CB3CC /* Frameworks */ = {
			isa = PBXFrameworksBuildPhase;
			buildActionMask = 2147483647;
			files = (
			);
			runOnlyForDeploymentPostprocessing = 0;
		};
/* End PBXFrameworksBuildPhase section */

/* Begin PBXGroup section */
		85BB6ACF22341CF3000CB3CC = {
			isa = PBXGroup;
			children = (
				85BB6ADA22341CF3000CB3CC /* project8 */,
				85BB6AD922341CF3000CB3CC /* Products */,
			);
			sourceTree = "<group>";
		};
		85BB6AD922341CF3000CB3CC /* Products */ = {
			isa = PBXGroup;
			children = (
				85BB6AD822341CF3000CB3CC /* project8.app */,
			);
			name = Products;
			sourceTree = "<group>";
		};
		85BB6ADA22341CF3000CB3CC /* project8 */ = {
			isa = PBXGroup;
			children = (
				85BB6ADB22341CF3000CB3CC /* AppDelegate.swift */,
				85BB6ADD22341CF3000CB3CC /* ViewController.swift */,
				85004AA0223560A500B92A1C /* test.swift */,
				85BB6ADF22341CF3000CB3CC /* Main.storyboard */,
				85B98F9F22353FFB009FBDB9 /* text0.txt */,
				85B98F9E22353FFB009FBDB9 /* text1.txt */,
				85BB6AE222341CF5000CB3CC /* Assets.xcassets */,
				85BB6AE422341CF5000CB3CC /* LaunchScreen.storyboard */,
				85BB6AE722341CF5000CB3CC /* Info.plist */,
			);
			path = project8;
			sourceTree = "<group>";
		};
/* End PBXGroup section */

/* Begin PBXNativeTarget section */
		85BB6AD722341CF3000CB3CC /* project8 */ = {
			isa = PBXNativeTarget;
			buildConfigurationList = 85BB6AEA22341CF5000CB3CC /* Build configuration list for PBXNativeTarget "project8" */;
			buildPhases = (
				85BB6AD422341CF3000CB3CC /* Sources */,
				85BB6AD522341CF3000CB3CC /* Frameworks */,
				85BB6AD622341CF3000CB3CC /* Resources */,
			);
			buildRules = (
			);
			dependencies = (
			);
			name = project8;
			productName = project8;
			productReference = 85BB6AD822341CF3000CB3CC /* project8.app */;
			productType = "com.apple.product-type.application";
		};
/* End PBXNativeTarget section */

/* Begin PBXProject section */
		85BB6AD022341CF3000CB3CC /* Project object */ = {
			isa = PBXProject;
			attributes = {
				LastSwiftUpdateCheck = 1010;
				LastUpgradeCheck = 1010;
				ORGANIZATIONNAME = Ayane;
				TargetAttributes = {
					85BB6AD722341CF3000CB3CC = {
						CreatedOnToolsVersion = 10.1;
					};
				};
			};
			buildConfigurationList = 85BB6AD322341CF3000CB3CC /* Build configuration list for PBXProject "project8" */;
			compatibilityVersion = "Xcode 9.3";
			developmentRegion = en;
			hasScannedForEncodings = 0;
			knownRegions = (
				en,
				Base,
			);
			mainGroup = 85BB6ACF22341CF3000CB3CC;
			productRefGroup = 85BB6AD922341CF3000CB3CC /* Products */;
			projectDirPath = "";
			projectRoot = "";
			targets = (
				85BB6AD722341CF3000CB3CC /* project8 */,
			);
		};
/* End PBXProject section */

/* Begin PBXResourcesBuildPhase section */
		85BB6AD622341CF3000CB3CC /* Resources */ = {
			isa = PBXResourcesBuildPhase;
			buildActionMask = 2147483647;
			files = (
				85B98FA122353FFB009FBDB9 /* text0.txt in Resources */,
				85BB6AE622341CF5000CB3CC /* LaunchScreen.storyboard in Resources */,
				85BB6AE322341CF5000CB3CC /* Assets.xcassets in Resources */,
				85B98FA022353FFB009FBDB9 /* text1.txt in Resources */,
				85BB6AE122341CF3000CB3CC /* Main.storyboard in Resources */,
			);
			runOnlyForDeploymentPostprocessing = 0;
		};
/* End PBXResourcesBuildPhase section */

/* Begin PBXSourcesBuildPhase section */
		85BB6AD422341CF3000CB3CC /* Sources */ = {
			isa = PBXSourcesBuildPhase;
			buildActionMask = 2147483647;
			files = (
				85BB6ADE22341CF3000CB3CC /* ViewController.swift in Sources */,
				85004AA1223560A500B92A1C /* test.swift in Sources */,
				85BB6ADC22341CF3000CB3CC /* AppDelegate.swift in Sources */,
			);
			runOnlyForDeploymentPostprocessing = 0;
		};
/* End PBXSourcesBuildPhase section */

/* Begin PBXVariantGroup section */
		85BB6ADF22341CF3000CB3CC /* Main.storyboard */ = {
			isa = PBXVariantGroup;
			children = (
				85BB6AE022341CF3000CB3CC /* Base */,
			);
			name = Main.storyboard;
			sourceTree = "<group>";
		};
		85BB6AE422341CF5000CB3CC /* LaunchScreen.storyboard */ = {
			isa = PBXVariantGroup;
			children = (
				85BB6AE522341CF5000CB3CC /* Base */,
			);
			name = LaunchScreen.storyboard;
			sourceTree = "<group>";
		};
/* End PBXVariantGroup section */

/* Begin XCBuildConfiguration section */
		85BB6AE822341CF5000CB3CC /* Debug */ = {
			isa = XCBuildConfiguration;
			buildSettings = {
				ALWAYS_SEARCH_USER_PATHS = NO;
				CLANG_ANALYZER_NONNULL = YES;
				CLANG_ANALYZER_NUMBER_OBJECT_CONVERSION = YES_AGGRESSIVE;
				CLANG_CXX_LANGUAGE_STANDARD = "gnu++14";
				CLANG_CXX_LIBRARY = "libc++";
				CLANG_ENABLE_MODULES = YES;
				CLANG_ENABLE_OBJC_ARC = YES;
				CLANG_ENABLE_OBJC_WEAK = YES;
				CLANG_WARN_BLOCK_CAPTURE_AUTORELEASING = YES;
				CLANG_WARN_BOOL_CONVERSION = YES;
				CLANG_WARN_COMMA = YES;
				CLANG_WARN_CONSTANT_CONVERSION = YES;
				CLANG_WARN_DEPRECATED_OBJC_IMPLEMENTATIONS = YES;
				CLANG_WARN_DIRECT_OBJC_ISA_USAGE = YES_ERROR;
				CLANG_WARN_DOCUMENTATION_COMMENTS = YES;
				CLANG_WARN_EMPTY_BODY = YES;
				CLANG_WARN_ENUM_CONVERSION = YES;
				CLANG_WARN_INFINITE_RECURSION = YES;
				CLANG_WARN_INT_CONVERSION = YES;
				CLANG_WARN_NON_LITERAL_NULL_CONVERSION = YES;
				CLANG_WARN_OBJC_IMPLICIT_RETAIN_SELF = YES;
				CLANG_WARN_OBJC_LITERAL_CONVERSION = YES;
				CLANG_WARN_OBJC_ROOT_CLASS = YES_ERROR;
				CLANG_WARN_RANGE_LOOP_ANALYSIS = YES;
				CLANG_WARN_STRICT_PROTOTYPES = YES;
				CLANG_WARN_SUSPICIOUS_MOVE = YES;
				CLANG_WARN_UNGUARDED_AVAILABILITY = YES_AGGRESSIVE;
				CLANG_WARN_UNREACHABLE_CODE = YES;
				CLANG_WARN__DUPLICATE_METHOD_MATCH = YES;
				CODE_SIGN_IDENTITY = "iPhone Developer";
				COPY_PHASE_STRIP = NO;
				DEBUG_INFORMATION_FORMAT = dwarf;
				ENABLE_STRICT_OBJC_MSGSEND = YES;
				ENABLE_TESTABILITY = YES;
				GCC_C_LANGUAGE_STANDARD = gnu11;
				GCC_DYNAMIC_NO_PIC = NO;
				GCC_NO_COMMON_BLOCKS = YES;
				GCC_OPTIMIZATION_LEVEL = 0;
				GCC_PREPROCESSOR_DEFINITIONS = (
					"DEBUG=1",
					"$(inherited)",
				);
				GCC_WARN_64_TO_32_BIT_CONVERSION = YES;
				GCC_WARN_ABOUT_RETURN_TYPE = YES_ERROR;
				GCC_WARN_UNDECLARED_SELECTOR = YES;
				GCC_WARN_UNINITIALIZED_AUTOS = YES_AGGRESSIVE;
				GCC_WARN_UNUSED_FUNCTION = YES;
				GCC_WARN_UNUSED_VARIABLE = YES;
				IPHONEOS_DEPLOYMENT_TARGET = 12.1;
				MTL_ENABLE_DEBUG_INFO = INCLUDE_SOURCE;
				MTL_FAST_MATH = YES;
				ONLY_ACTIVE_ARCH = YES;
				SDKROOT = iphoneos;
				SWIFT_ACTIVE_COMPILATION_CONDITIONS = DEBUG;
				SWIFT_OPTIMIZATION_LEVEL = "-Onone";
			};
			name = Debug;
		};
		85BB6AE922341CF5000CB3CC /* Release */ = {
			isa = XCBuildConfiguration;
			buildSettings = {
				ALWAYS_SEARCH_USER_PATHS = NO;
				CLANG_ANALYZER_NONNULL = YES;
				CLANG_ANALYZER_NUMBER_OBJECT_CONVERSION = YES_AGGRESSIVE;
				CLANG_CXX_LANGUAGE_STANDARD = "gnu++14";
				CLANG_CXX_LIBRARY = "libc++";
				CLANG_ENABLE_MODULES = YES;
				CLANG_ENABLE_OBJC_ARC = YES;
				CLANG_ENABLE_OBJC_WEAK = YES;
				CLANG_WARN_BLOCK_CAPTURE_AUTORELEASING = YES;
				CLANG_WARN_BOOL_CONVERSION = YES;
				CLANG_WARN_COMMA = YES;
				CLANG_WARN_CONSTANT_CONVERSION = YES;
				CLANG_WARN_DEPRECATED_OBJC_IMPLEMENTATIONS = YES;
				CLANG_WARN_DIRECT_OBJC_ISA_USAGE = YES_ERROR;
				CLANG_WARN_DOCUMENTATION_COMMENTS = YES;
				CLANG_WARN_EMPTY_BODY = YES;
				CLANG_WARN_ENUM_CONVERSION = YES;
				CLANG_WARN_INFINITE_RECURSION = YES;
				CLANG_WARN_INT_CONVERSION = YES;
				CLANG_WARN_NON_LITERAL_NULL_CONVERSION = YES;
				CLANG_WARN_OBJC_IMPLICIT_RETAIN_SELF = YES;
				CLANG_WARN_OBJC_LITERAL_CONVERSION = YES;
				CLANG_WARN_OBJC_ROOT_CLASS = YES_ERROR;
				CLANG_WARN_RANGE_LOOP_ANALYSIS = YES;
				CLANG_WARN_STRICT_PROTOTYPES = YES;
				CLANG_WARN_SUSPICIOUS_MOVE = YES;
				CLANG_WARN_UNGUARDED_AVAILABILITY = YES_AGGRESSIVE;
				CLANG_WARN_UNREACHABLE_CODE = YES;
				CLANG_WARN__DUPLICATE_METHOD_MATCH = YES;
				CODE_SIGN_IDENTITY = "iPhone Developer";
				COPY_PHASE_STRIP = NO;
				DEBUG_INFORMATION_FORMAT = "dwarf-with-dsym";
				ENABLE_NS_ASSERTIONS = NO;
				ENABLE_STRICT_OBJC_MSGSEND = YES;
				GCC_C_LANGUAGE_STANDARD = gnu11;
				GCC_NO_COMMON_BLOCKS = YES;
				GCC_WARN_64_TO_32_BIT_CONVERSION = YES;
				GCC_WARN_ABOUT_RETURN_TYPE = YES_ERROR;
				GCC_WARN_UNDECLARED_SELECTOR = YES;
				GCC_WARN_UNINITIALIZED_AUTOS = YES_AGGRESSIVE;
				GCC_WARN_UNUSED_FUNCTION = YES;
				GCC_WARN_UNUSED_VARIABLE = YES;
				IPHONEOS_DEPLOYMENT_TARGET = 12.1;
				MTL_ENABLE_DEBUG_INFO = NO;
				MTL_FAST_MATH = YES;
				SDKROOT = iphoneos;
				SWIFT_COMPILATION_MODE = wholemodule;
				SWIFT_OPTIMIZATION_LEVEL = "-O";
				VALIDATE_PRODUCT = YES;
			};
			name = Release;
		};
		85BB6AEB22341CF5000CB3CC /* Debug */ = {
			isa = XCBuildConfiguration;
			buildSettings = {
				ASSETCATALOG_COMPILER_APPICON_NAME = AppIcon;
				CODE_SIGN_STYLE = Manual;
				DEVELOPMENT_TEAM = "";
				INFOPLIST_FILE = project8/Info.plist;
				LD_RUNPATH_SEARCH_PATHS = (
					"$(inherited)",
					"@executable_path/Frameworks",
				);
				PRODUCT_BUNDLE_IDENTIFIER = com.ayane.project8;
				PRODUCT_NAME = "$(TARGET_NAME)";
				PROVISIONING_PROFILE_SPECIFIER = "";
				SWIFT_VERSION = 4.2;
				TARGETED_DEVICE_FAMILY = 2;
			};
			name = Debug;
		};
		85BB6AEC22341CF5000CB3CC /* Release */ = {
			isa = XCBuildConfiguration;
			buildSettings = {
				ASSETCATALOG_COMPILER_APPICON_NAME = AppIcon;
				CODE_SIGN_STYLE = Manual;
				DEVELOPMENT_TEAM = "";
				INFOPLIST_FILE = project8/Info.plist;
				LD_RUNPATH_SEARCH_PATHS = (
					"$(inherited)",
					"@executable_path/Frameworks",
				);
				PRODUCT_BUNDLE_IDENTIFIER = com.ayane.project8;
				PRODUCT_NAME = "$(TARGET_NAME)";
				PROVISIONING_PROFILE_SPECIFIER = "";
				SWIFT_VERSION = 4.2;
				TARGETED_DEVICE_FAMILY = 2;
			};
			name = Release;
		};
/* End XCBuildConfiguration section */

/* Begin XCConfigurationList section */
		85BB6AD322341CF3000CB3CC /* Build configuration list for PBXProject "project8" */ = {
			isa = XCConfigurationList;
			buildConfigurations = (
				85BB6AE822341CF5000CB3CC /* Debug */,
				85BB6AE922341CF5000CB3CC /* Release */,
			);
			defaultConfigurationIsVisible = 0;
			defaultConfigurationName = Release;
		};
		85BB6AEA22341CF5000CB3CC /* Build configuration list for PBXNativeTarget "project8" */ = {
			isa = XCConfigurationList;
			buildConfigurations = (
				85BB6AEB22341CF5000CB3CC /* Debug */,
				85BB6AEC22341CF5000CB3CC /* Release */,
			);
			defaultConfigurationIsVisible = 0;
			defaultConfigurationName = Release;
		};
/* End XCConfigurationList section */
	};
	rootObject = 85BB6AD022341CF3000CB3CC /* Project object */;
}
